<?xml version="1.0" encoding="utf-8"?>
<Project ToolsVersion="4.0" xmlns="http://schemas.microsoft.com/developer/msbuild/2003">
  <ItemGroup>
    <Filter Include="Исходные файлы">
      <UniqueIdentifier>{4FC737F1-C7A5-4376-A066-2A32D752A2FF}</UniqueIdentifier>
      <Extensions>cpp;c;cc;cxx;c++;cppm;ixx;def;odl;idl;hpj;bat;asm;asmx</Extensions>
    </Filter>
    <Filter Include="Файлы заголовков">
      <UniqueIdentifier>{93995380-89BD-4b04-88EB-625FBE52EBFB}</UniqueIdentifier>
      <Extensions>h;hh;hpp;hxx;h++;hm;inl;inc;ipp;xsd</Extensions>
    </Filter>
    <Filter Include="Файлы ресурсов">
      <UniqueIdentifier>{67DA6AB6-F800-4c08-8B7A-83BB121AAD01}</UniqueIdentifier>
      <Extensions>rc;ico;cur;bmp;dlg;rc2;rct;bin;rgs;gif;jpg;jpeg;jpe;resx;tiff;tif;png;wav;mfcribbon-ms</Extensions>
    </Filter>
    <Filter Include="Файлы ресурсов\Texture">
      <UniqueIdentifier>{8df6dee6-f631-41d0-b5f3-c2a12d093d7f}</UniqueIdentifier>
    </Filter>
    <Filter Include="Файлы ресурсов\shader">
      <UniqueIdentifier>{00a2feff-4f1b-47c9-bb28-3a6fbdf53630}</UniqueIdentifier>
    </Filter>
  </ItemGroup>
  <ItemGroup>
    <ClCompile Include="main.cpp">
      <Filter>Исходные файлы</Filter>
    </ClCompile>
    <ClCompile Include="glad.c">
      <Filter>Исходные файлы</Filter>
    </ClCompile>
    <ClCompile Include="stb.cpp">
      <Filter>Исходные файлы</Filter>
    </ClCompile>
  </ItemGroup>
  <ItemGroup>
    <ClInclude Include="camera.h">
      <Filter>Исходные файлы</Filter>
    </ClInclude>
    <ClInclude Include="shaderClass.h">
      <Filter>Исходные файлы</Filter>
    </ClInclude>
    <ClInclude Include="Mob.h">
      <Filter>Исходные файлы</Filter>
    </ClInclude>
  </ItemGroup>
  <ItemGroup>
    <None Include="vertecs.shader">
      <Filter>Файлы ресурсов\shader</Filter>
    </None>
    <None Include="fragment.shader">
      <Filter>Файлы ресурсов\shader</Filter>
    </None>
  </ItemGroup>
  <ItemGroup>
    <Image Include="C:\Users\Krykk\Downloads\container.jpg">
      <Filter>Файлы ресурсов\Texture</Filter>
    </Image>
    <Image Include="C:\Users\Krykk\Downloads\shot.png">
      <Filter>Файлы ресурсов\Texture</Filter>
    </Image>
  </ItemGroup>
</Project>